PODS:
  - FBSnapshotTestCase (2.1.4):
    - FBSnapshotTestCase/SwiftSupport (= 2.1.4)
  - FBSnapshotTestCase/Core (2.1.4)
  - FBSnapshotTestCase/SwiftSupport (2.1.4):
    - FBSnapshotTestCase/Core
  - FFTextView (0.1.0):
    - Masonry
  - Masonry (1.1.0)

DEPENDENCIES:
  - FBSnapshotTestCase
  - FFTextView (from `../`)
  - Masonry

SPEC REPOS:
  trunk:
    - FBSnapshotTestCase
    - Masonry

EXTERNAL SOURCES:
  FFTextView:
    :path: "../"

SPEC CHECKSUMS:
  FBSnapshotTestCase: 094f9f314decbabe373b87cc339bea235a63e07a
  FFTextView: cc8f5377a804245f0a12bf5ddf9d899b957a4eb6
  Masonry: 678fab65091a9290e40e2832a55e7ab731aad201

PODFILE CHECKSUM: 079db2f2239246c1b5f13a2d5fac31bcb36ebe00

COCOAPODS: 1.15.2
